
Microsoft Visual Studio Solution File, Format Version 12.00
# Visual Studio Version 17
VisualStudioVersion = 17.0.31423.177
MinimumVisualStudioVersion = 15.0.26124.0
Project("{2150E333-8FDC-42A3-9474-1A3956D46DE8}") = "Domain", "Domain", "{0A6B13A1-AF2B-4CB0-B8F5-AA86E09A1A7D}"
EndProject
Project("{2150E333-8FDC-42A3-9474-1A3956D46DE8}") = "Application", "Application", "{C57AB1CD-388E-4F5B-AFA0-C9853140BA31}"
EndProject
Project("{2150E333-8FDC-42A3-9474-1A3956D46DE8}") = "Infrastructure", "Infrastructure", "{7FDCC461-80D9-4511-BBC0-1546D2345865}"
EndProject
Project("{2150E333-8FDC-42A3-9474-1A3956D46DE8}") = "Web", "Web", "{218CDC17-F7FB-4A55-9469-7A044E0B00AC}"
EndProject
Project("{2150E333-8FDC-42A3-9474-1A3956D46DE8}") = "src", "src", "{D3C5DFD5-6C52-4AFE-B4D2-B0833DC30405}"
EndProject
Project("{2150E333-8FDC-42A3-9474-1A3956D46DE8}") = "test", "test", "{4EBF7603-798C-4FAE-8CBD-F6C5096CEF92}"
EndProject
Project("{9A19103F-16F7-4668-BE54-9A1E7A4F7556}") = "Orion.API", "src\Web\Orion.API\Orion.API.csproj", "{38F2CCD3-AD5F-4341-A104-21ABFAA2C5DD}"
EndProject
Project("{9A19103F-16F7-4668-BE54-9A1E7A4F7556}") = "Orion.Domain", "src\Domain\Orion.Domain\Orion.Domain.csproj", "{4718B942-2202-4F3D-A357-9E6199BF3EC3}"
EndProject
Project("{9A19103F-16F7-4668-BE54-9A1E7A4F7556}") = "Orion.Application", "src\Application\Orion.Application\Orion.Application.csproj", "{57BFB6C5-2DBB-45B1-8A03-25C7DE9A8B76}"
EndProject
Project("{2150E333-8FDC-42A3-9474-1A3956D46DE8}") = "UnitTest", "UnitTest", "{AA25EEC9-79EF-4E90-A021-377E8BBDD0CE}"
EndProject
Project("{2150E333-8FDC-42A3-9474-1A3956D46DE8}") = "IntergrationTest", "IntergrationTest", "{D317798B-6EF2-4CB0-9634-B9ED5F83C99F}"
EndProject
Project("{9A19103F-16F7-4668-BE54-9A1E7A4F7556}") = "Orion.SQLRepository", "src\Infrastructure\Orion.SQLRepository\Orion.SQLRepository.csproj", "{2447C4D8-000A-4FD0-827A-3D9849C9DC5E}"
EndProject
Project("{9A19103F-16F7-4668-BE54-9A1E7A4F7556}") = "Orion.CosmosRepository", "src\Infrastructure\Orion.CosmosRepository\Orion.CosmosRepository.csproj", "{8F5AAE66-2D01-4268-B012-BFBB8F7FA88D}"
EndProject
Project("{FAE04EC0-301F-11D3-BF4B-00C04F79EFBC}") = "Orion.ThirdPartyServices", "src\Infrastructure\Orion.ThirdPartyServices\Orion.ThirdPartyServices.csproj", "{CC580173-C6D6-439A-A33A-E46190A6F35E}"
EndProject
Global
	GlobalSection(SolutionConfigurationPlatforms) = preSolution
		Debug|Any CPU = Debug|Any CPU
		Debug|x64 = Debug|x64
		Debug|x86 = Debug|x86
		Release|Any CPU = Release|Any CPU
		Release|x64 = Release|x64
		Release|x86 = Release|x86
	EndGlobalSection
	GlobalSection(ProjectConfigurationPlatforms) = postSolution
		{38F2CCD3-AD5F-4341-A104-21ABFAA2C5DD}.Debug|Any CPU.ActiveCfg = Debug|Any CPU
		{38F2CCD3-AD5F-4341-A104-21ABFAA2C5DD}.Debug|Any CPU.Build.0 = Debug|Any CPU
		{38F2CCD3-AD5F-4341-A104-21ABFAA2C5DD}.Debug|x64.ActiveCfg = Debug|Any CPU
		{38F2CCD3-AD5F-4341-A104-21ABFAA2C5DD}.Debug|x64.Build.0 = Debug|Any CPU
		{38F2CCD3-AD5F-4341-A104-21ABFAA2C5DD}.Debug|x86.ActiveCfg = Debug|Any CPU
		{38F2CCD3-AD5F-4341-A104-21ABFAA2C5DD}.Debug|x86.Build.0 = Debug|Any CPU
		{38F2CCD3-AD5F-4341-A104-21ABFAA2C5DD}.Release|Any CPU.ActiveCfg = Release|Any CPU
		{38F2CCD3-AD5F-4341-A104-21ABFAA2C5DD}.Release|Any CPU.Build.0 = Release|Any CPU
		{38F2CCD3-AD5F-4341-A104-21ABFAA2C5DD}.Release|x64.ActiveCfg = Release|Any CPU
		{38F2CCD3-AD5F-4341-A104-21ABFAA2C5DD}.Release|x64.Build.0 = Release|Any CPU
		{38F2CCD3-AD5F-4341-A104-21ABFAA2C5DD}.Release|x86.ActiveCfg = Release|Any CPU
		{38F2CCD3-AD5F-4341-A104-21ABFAA2C5DD}.Release|x86.Build.0 = Release|Any CPU
		{4718B942-2202-4F3D-A357-9E6199BF3EC3}.Debug|Any CPU.ActiveCfg = Debug|Any CPU
		{4718B942-2202-4F3D-A357-9E6199BF3EC3}.Debug|Any CPU.Build.0 = Debug|Any CPU
		{4718B942-2202-4F3D-A357-9E6199BF3EC3}.Debug|x64.ActiveCfg = Debug|Any CPU
		{4718B942-2202-4F3D-A357-9E6199BF3EC3}.Debug|x64.Build.0 = Debug|Any CPU
		{4718B942-2202-4F3D-A357-9E6199BF3EC3}.Debug|x86.ActiveCfg = Debug|Any CPU
		{4718B942-2202-4F3D-A357-9E6199BF3EC3}.Debug|x86.Build.0 = Debug|Any CPU
		{4718B942-2202-4F3D-A357-9E6199BF3EC3}.Release|Any CPU.ActiveCfg = Release|Any CPU
		{4718B942-2202-4F3D-A357-9E6199BF3EC3}.Release|Any CPU.Build.0 = Release|Any CPU
		{4718B942-2202-4F3D-A357-9E6199BF3EC3}.Release|x64.ActiveCfg = Release|Any CPU
		{4718B942-2202-4F3D-A357-9E6199BF3EC3}.Release|x64.Build.0 = Release|Any CPU
		{4718B942-2202-4F3D-A357-9E6199BF3EC3}.Release|x86.ActiveCfg = Release|Any CPU
		{4718B942-2202-4F3D-A357-9E6199BF3EC3}.Release|x86.Build.0 = Release|Any CPU
		{57BFB6C5-2DBB-45B1-8A03-25C7DE9A8B76}.Debug|Any CPU.ActiveCfg = Debug|Any CPU
		{57BFB6C5-2DBB-45B1-8A03-25C7DE9A8B76}.Debug|Any CPU.Build.0 = Debug|Any CPU
		{57BFB6C5-2DBB-45B1-8A03-25C7DE9A8B76}.Debug|x64.ActiveCfg = Debug|Any CPU
		{57BFB6C5-2DBB-45B1-8A03-25C7DE9A8B76}.Debug|x64.Build.0 = Debug|Any CPU
		{57BFB6C5-2DBB-45B1-8A03-25C7DE9A8B76}.Debug|x86.ActiveCfg = Debug|Any CPU
		{57BFB6C5-2DBB-45B1-8A03-25C7DE9A8B76}.Debug|x86.Build.0 = Debug|Any CPU
		{57BFB6C5-2DBB-45B1-8A03-25C7DE9A8B76}.Release|Any CPU.ActiveCfg = Release|Any CPU
		{57BFB6C5-2DBB-45B1-8A03-25C7DE9A8B76}.Release|Any CPU.Build.0 = Release|Any CPU
		{57BFB6C5-2DBB-45B1-8A03-25C7DE9A8B76}.Release|x64.ActiveCfg = Release|Any CPU
		{57BFB6C5-2DBB-45B1-8A03-25C7DE9A8B76}.Release|x64.Build.0 = Release|Any CPU
		{57BFB6C5-2DBB-45B1-8A03-25C7DE9A8B76}.Release|x86.ActiveCfg = Release|Any CPU
		{57BFB6C5-2DBB-45B1-8A03-25C7DE9A8B76}.Release|x86.Build.0 = Release|Any CPU
		{2447C4D8-000A-4FD0-827A-3D9849C9DC5E}.Debug|Any CPU.ActiveCfg = Debug|Any CPU
		{2447C4D8-000A-4FD0-827A-3D9849C9DC5E}.Debug|Any CPU.Build.0 = Debug|Any CPU
		{2447C4D8-000A-4FD0-827A-3D9849C9DC5E}.Debug|x64.ActiveCfg = Debug|Any CPU
		{2447C4D8-000A-4FD0-827A-3D9849C9DC5E}.Debug|x64.Build.0 = Debug|Any CPU
		{2447C4D8-000A-4FD0-827A-3D9849C9DC5E}.Debug|x86.ActiveCfg = Debug|Any CPU
		{2447C4D8-000A-4FD0-827A-3D9849C9DC5E}.Debug|x86.Build.0 = Debug|Any CPU
		{2447C4D8-000A-4FD0-827A-3D9849C9DC5E}.Release|Any CPU.ActiveCfg = Release|Any CPU
		{2447C4D8-000A-4FD0-827A-3D9849C9DC5E}.Release|Any CPU.Build.0 = Release|Any CPU
		{2447C4D8-000A-4FD0-827A-3D9849C9DC5E}.Release|x64.ActiveCfg = Release|Any CPU
		{2447C4D8-000A-4FD0-827A-3D9849C9DC5E}.Release|x64.Build.0 = Release|Any CPU
		{2447C4D8-000A-4FD0-827A-3D9849C9DC5E}.Release|x86.ActiveCfg = Release|Any CPU
		{2447C4D8-000A-4FD0-827A-3D9849C9DC5E}.Release|x86.Build.0 = Release|Any CPU
		{8F5AAE66-2D01-4268-B012-BFBB8F7FA88D}.Debug|Any CPU.ActiveCfg = Debug|Any CPU
		{8F5AAE66-2D01-4268-B012-BFBB8F7FA88D}.Debug|Any CPU.Build.0 = Debug|Any CPU
		{8F5AAE66-2D01-4268-B012-BFBB8F7FA88D}.Debug|x64.ActiveCfg = Debug|Any CPU
		{8F5AAE66-2D01-4268-B012-BFBB8F7FA88D}.Debug|x64.Build.0 = Debug|Any CPU
		{8F5AAE66-2D01-4268-B012-BFBB8F7FA88D}.Debug|x86.ActiveCfg = Debug|Any CPU
		{8F5AAE66-2D01-4268-B012-BFBB8F7FA88D}.Debug|x86.Build.0 = Debug|Any CPU
		{8F5AAE66-2D01-4268-B012-BFBB8F7FA88D}.Release|Any CPU.ActiveCfg = Release|Any CPU
		{8F5AAE66-2D01-4268-B012-BFBB8F7FA88D}.Release|Any CPU.Build.0 = Release|Any CPU
		{8F5AAE66-2D01-4268-B012-BFBB8F7FA88D}.Release|x64.ActiveCfg = Release|Any CPU
		{8F5AAE66-2D01-4268-B012-BFBB8F7FA88D}.Release|x64.Build.0 = Release|Any CPU
		{8F5AAE66-2D01-4268-B012-BFBB8F7FA88D}.Release|x86.ActiveCfg = Release|Any CPU
		{8F5AAE66-2D01-4268-B012-BFBB8F7FA88D}.Release|x86.Build.0 = Release|Any CPU
		{CC580173-C6D6-439A-A33A-E46190A6F35E}.Debug|Any CPU.ActiveCfg = Debug|Any CPU
		{CC580173-C6D6-439A-A33A-E46190A6F35E}.Debug|Any CPU.Build.0 = Debug|Any CPU
		{CC580173-C6D6-439A-A33A-E46190A6F35E}.Debug|x64.ActiveCfg = Debug|Any CPU
		{CC580173-C6D6-439A-A33A-E46190A6F35E}.Debug|x64.Build.0 = Debug|Any CPU
		{CC580173-C6D6-439A-A33A-E46190A6F35E}.Debug|x86.ActiveCfg = Debug|Any CPU
		{CC580173-C6D6-439A-A33A-E46190A6F35E}.Debug|x86.Build.0 = Debug|Any CPU
		{CC580173-C6D6-439A-A33A-E46190A6F35E}.Release|Any CPU.ActiveCfg = Release|Any CPU
		{CC580173-C6D6-439A-A33A-E46190A6F35E}.Release|Any CPU.Build.0 = Release|Any CPU
		{CC580173-C6D6-439A-A33A-E46190A6F35E}.Release|x64.ActiveCfg = Release|Any CPU
		{CC580173-C6D6-439A-A33A-E46190A6F35E}.Release|x64.Build.0 = Release|Any CPU
		{CC580173-C6D6-439A-A33A-E46190A6F35E}.Release|x86.ActiveCfg = Release|Any CPU
		{CC580173-C6D6-439A-A33A-E46190A6F35E}.Release|x86.Build.0 = Release|Any CPU
	EndGlobalSection
	GlobalSection(SolutionProperties) = preSolution
		HideSolutionNode = FALSE
	EndGlobalSection
	GlobalSection(NestedProjects) = preSolution
		{0A6B13A1-AF2B-4CB0-B8F5-AA86E09A1A7D} = {D3C5DFD5-6C52-4AFE-B4D2-B0833DC30405}
		{C57AB1CD-388E-4F5B-AFA0-C9853140BA31} = {D3C5DFD5-6C52-4AFE-B4D2-B0833DC30405}
		{7FDCC461-80D9-4511-BBC0-1546D2345865} = {D3C5DFD5-6C52-4AFE-B4D2-B0833DC30405}
		{218CDC17-F7FB-4A55-9469-7A044E0B00AC} = {D3C5DFD5-6C52-4AFE-B4D2-B0833DC30405}
		{38F2CCD3-AD5F-4341-A104-21ABFAA2C5DD} = {218CDC17-F7FB-4A55-9469-7A044E0B00AC}
		{4718B942-2202-4F3D-A357-9E6199BF3EC3} = {0A6B13A1-AF2B-4CB0-B8F5-AA86E09A1A7D}
		{57BFB6C5-2DBB-45B1-8A03-25C7DE9A8B76} = {C57AB1CD-388E-4F5B-AFA0-C9853140BA31}
		{AA25EEC9-79EF-4E90-A021-377E8BBDD0CE} = {4EBF7603-798C-4FAE-8CBD-F6C5096CEF92}
		{D317798B-6EF2-4CB0-9634-B9ED5F83C99F} = {4EBF7603-798C-4FAE-8CBD-F6C5096CEF92}
		{2447C4D8-000A-4FD0-827A-3D9849C9DC5E} = {7FDCC461-80D9-4511-BBC0-1546D2345865}
		{8F5AAE66-2D01-4268-B012-BFBB8F7FA88D} = {7FDCC461-80D9-4511-BBC0-1546D2345865}
		{CC580173-C6D6-439A-A33A-E46190A6F35E} = {7FDCC461-80D9-4511-BBC0-1546D2345865}
	EndGlobalSection
	GlobalSection(ExtensibilityGlobals) = postSolution
		SolutionGuid = {F9CBED8A-C287-4614-8364-48A1AE121ACE}
	EndGlobalSection
EndGlobal
