
Microsoft Visual Studio Solution File, Format Version 12.00
# Visual Studio Version 16
VisualStudioVersion = 16.0.31025.194
MinimumVisualStudioVersion = 10.0.40219.1
Project("{FAE04EC0-301F-11D3-BF4B-00C04F79EFBC}") = "MiddlewareDemo", "MiddlewareDemo\MiddlewareDemo.csproj", "{E5D75118-BD11-4C46-99F7-7181D90F222B}"
EndProject
Global
	GlobalSection(SolutionConfigurationPlatforms) = preSolution
		Debug|Any CPU = Debug|Any CPU
		Release|Any CPU = Release|Any CPU
	EndGlobalSection
	GlobalSection(ProjectConfigurationPlatforms) = postSolution
		{E5D75118-BD11-4C46-99F7-7181D90F222B}.Debug|Any CPU.ActiveCfg = Debug|Any CPU
		{E5D75118-BD11-4C46-99F7-7181D90F222B}.Debug|Any CPU.Build.0 = Debug|Any CPU
		{E5D75118-BD11-4C46-99F7-7181D90F222B}.Release|Any CPU.ActiveCfg = Release|Any CPU
		{E5D75118-BD11-4C46-99F7-7181D90F222B}.Release|Any CPU.Build.0 = Release|Any CPU
	EndGlobalSection
	GlobalSection(SolutionProperties) = preSolution
		HideSolutionNode = FALSE
	EndGlobalSection
	GlobalSection(ExtensibilityGlobals) = postSolution
		SolutionGuid = {21D963F3-7C9F-41A9-8FFE-6EAA698621A5}
	EndGlobalSection
EndGlobal
